
Microsoft Visual Studio Solution File, Format Version 12.00
# Visual Studio Version 16
VisualStudioVersion = 16.0.30204.135
MinimumVisualStudioVersion = 10.0.40219.1
Project("{FAE04EC0-301F-11D3-BF4B-00C04F79EFBC}") = "OutPrac", "OutPrac\OutPrac.csproj", "{03442023-6A37-4BEF-BD5D-51997D799A04}"
EndProject
Global
	GlobalSection(SolutionConfigurationPlatforms) = preSolution
		Debug|Any CPU = Debug|Any CPU
		Release|Any CPU = Release|Any CPU
	EndGlobalSection
	GlobalSection(ProjectConfigurationPlatforms) = postSolution
		{03442023-6A37-4BEF-BD5D-51997D799A04}.Debug|Any CPU.ActiveCfg = Debug|Any CPU
		{03442023-6A37-4BEF-BD5D-51997D799A04}.Debug|Any CPU.Build.0 = Debug|Any CPU
		{03442023-6A37-4BEF-BD5D-51997D799A04}.Release|Any CPU.ActiveCfg = Release|Any CPU
		{03442023-6A37-4BEF-BD5D-51997D799A04}.Release|Any CPU.Build.0 = Release|Any CPU
	EndGlobalSection
	GlobalSection(SolutionProperties) = preSolution
		HideSolutionNode = FALSE
	EndGlobalSection
	GlobalSection(ExtensibilityGlobals) = postSolution
		SolutionGuid = {1E991CF7-2498-442E-9B31-9AF64668D2BA}
	EndGlobalSection
EndGlobal
